# This file is autogenerated, do not edit; changes may be undone by the next 'dep ensure'.


[[projects]]
  name = "github.com/bouk/httprouter"
  packages = ["."]
  revision = "ee8b3818a7f51fbc94cc709b5744b52c2c725e91"
  version = "v2.0"

[[projects]]
  branch = "master"
  name = "github.com/cloudflare/golibs"
  packages = ["lrucache"]
  revision = "333127dbecfcc23a8db7d9a4f52785d23aff44a1"

[[projects]]
  name = "github.com/naoina/go-stringutil"
  packages = ["."]
  revision = "6b638e95a32d0c1131db0e7fe83775cbea4a0d0b"
  version = "v0.1.0"

[[projects]]
  name = "github.com/naoina/toml"
  packages = [".","ast"]
  revision = "e6f5723bf2a66af014955e0888881314cf294129"
  version = "v0.1.1"

[[projects]]
  branch = "master"
  name = "github.com/phuslu/glog"
  packages = ["."]
  revision = "c7b4dae4d580249fc348821844820bfae0b6b847"

[[projects]]
  branch = "master"
  name = "github.com/phuslu/net"
  packages = ["http2","http2/hpack","idna","lex/httplex"]
  revision = "b9b31ba0a72b9a0a354cd2706c145f8cfeea430a"

[[projects]]
  branch = "master"
  name = "golang.org/x/sync"
  packages = ["singleflight"]
  revision = "fd80eb99c8f653c847d294a001bdf2a3a6f768f5"

[[projects]]
  branch = "master"
  name = "golang.org/x/sys"
  packages = ["unix"]
  revision = "1d2aa6dbdea45adaaebb9905d0666e4537563829"

[[projects]]
  branch = "master"
  name = "golang.org/x/text"
  packages = ["collate","collate/build","internal/colltab","internal/gen","internal/tag","internal/triegen","internal/ucd","language","secure/bidirule","transform","unicode/bidi","unicode/cldr","unicode/norm","unicode/rangetable"]
  revision = "c4d099d611ac3ded35360abf03581e13d91c828f"

[solve-meta]
  analyzer-name = "dep"
  analyzer-version = 1
  inputs-digest = "45844db094a7bf4b8944644ae57e3c967a00f8cca3391409c36448efac37494b"
  solver-name = "gps-cdcl"
  solver-version = 1
